
Microsoft Visual Studio Solution File, Format Version 12.00
# Visual Studio 15
VisualStudioVersion = 15.0.26124.0
MinimumVisualStudioVersion = 15.0.26124.0
Project("{FAE04EC0-301F-11D3-BF4B-00C04F79EFBC}") = "AnyAscii", "src\AnyAscii.csproj", "{CF5483EF-21E0-4A4E-85C0-1C74D52D5D25}"
EndProject
Project("{FAE04EC0-301F-11D3-BF4B-00C04F79EFBC}") = "test", "test\test.csproj", "{CAC8F2E1-50AF-4702-AB88-D71D30AD7BA7}"
EndProject
Global
	GlobalSection(SolutionConfigurationPlatforms) = preSolution
		Debug|Any CPU = Debug|Any CPU
		Debug|x64 = Debug|x64
		Debug|x86 = Debug|x86
		Release|Any CPU = Release|Any CPU
		Release|x64 = Release|x64
		Release|x86 = Release|x86
	EndGlobalSection
	GlobalSection(SolutionProperties) = preSolution
		HideSolutionNode = FALSE
	EndGlobalSection
	GlobalSection(ProjectConfigurationPlatforms) = postSolution
		{CF5483EF-21E0-4A4E-85C0-1C74D52D5D25}.Debug|Any CPU.ActiveCfg = Debug|Any CPU
		{CF5483EF-21E0-4A4E-85C0-1C74D52D5D25}.Debug|Any CPU.Build.0 = Debug|Any CPU
		{CF5483EF-21E0-4A4E-85C0-1C74D52D5D25}.Debug|x64.ActiveCfg = Debug|Any CPU
		{CF5483EF-21E0-4A4E-85C0-1C74D52D5D25}.Debug|x64.Build.0 = Debug|Any CPU
		{CF5483EF-21E0-4A4E-85C0-1C74D52D5D25}.Debug|x86.ActiveCfg = Debug|Any CPU
		{CF5483EF-21E0-4A4E-85C0-1C74D52D5D25}.Debug|x86.Build.0 = Debug|Any CPU
		{CF5483EF-21E0-4A4E-85C0-1C74D52D5D25}.Release|Any CPU.ActiveCfg = Release|Any CPU
		{CF5483EF-21E0-4A4E-85C0-1C74D52D5D25}.Release|Any CPU.Build.0 = Release|Any CPU
		{CF5483EF-21E0-4A4E-85C0-1C74D52D5D25}.Release|x64.ActiveCfg = Release|Any CPU
		{CF5483EF-21E0-4A4E-85C0-1C74D52D5D25}.Release|x64.Build.0 = Release|Any CPU
		{CF5483EF-21E0-4A4E-85C0-1C74D52D5D25}.Release|x86.ActiveCfg = Release|Any CPU
		{CF5483EF-21E0-4A4E-85C0-1C74D52D5D25}.Release|x86.Build.0 = Release|Any CPU
		{CAC8F2E1-50AF-4702-AB88-D71D30AD7BA7}.Debug|Any CPU.ActiveCfg = Debug|Any CPU
		{CAC8F2E1-50AF-4702-AB88-D71D30AD7BA7}.Debug|Any CPU.Build.0 = Debug|Any CPU
		{CAC8F2E1-50AF-4702-AB88-D71D30AD7BA7}.Debug|x64.ActiveCfg = Debug|Any CPU
		{CAC8F2E1-50AF-4702-AB88-D71D30AD7BA7}.Debug|x64.Build.0 = Debug|Any CPU
		{CAC8F2E1-50AF-4702-AB88-D71D30AD7BA7}.Debug|x86.ActiveCfg = Debug|Any CPU
		{CAC8F2E1-50AF-4702-AB88-D71D30AD7BA7}.Debug|x86.Build.0 = Debug|Any CPU
		{CAC8F2E1-50AF-4702-AB88-D71D30AD7BA7}.Release|Any CPU.ActiveCfg = Release|Any CPU
		{CAC8F2E1-50AF-4702-AB88-D71D30AD7BA7}.Release|Any CPU.Build.0 = Release|Any CPU
		{CAC8F2E1-50AF-4702-AB88-D71D30AD7BA7}.Release|x64.ActiveCfg = Release|Any CPU
		{CAC8F2E1-50AF-4702-AB88-D71D30AD7BA7}.Release|x64.Build.0 = Release|Any CPU
		{CAC8F2E1-50AF-4702-AB88-D71D30AD7BA7}.Release|x86.ActiveCfg = Release|Any CPU
		{CAC8F2E1-50AF-4702-AB88-D71D30AD7BA7}.Release|x86.Build.0 = Release|Any CPU
	EndGlobalSection
EndGlobal
